// !$*UTF8*$!
{
	archiveVersion = 1;
	classes = {
	};
	objectVersion = 56;
	objects = {

/* Begin PBXBuildFile section */
		56424CB1296844E600EA6F19 /* AppDelegate.swift in Sources */ = {isa = PBXBuildFile; fileRef = 56424CB0296844E600EA6F19 /* AppDelegate.swift */; };
		56424CB3296844E600EA6F19 /* SceneDelegate.swift in Sources */ = {isa = PBXBuildFile; fileRef = 56424CB2296844E600EA6F19 /* SceneDelegate.swift */; };
		56424CB5296844E600EA6F19 /* ViewController.swift in Sources */ = {isa = PBXBuildFile; fileRef = 56424CB4296844E600EA6F19 /* ViewController.swift */; };
		56424CB8296844E600EA6F19 /* Main.storyboard in Resources */ = {isa = PBXBuildFile; fileRef = 56424CB6296844E600EA6F19 /* Main.storyboard */; };
		56424CBA296844E700EA6F19 /* Assets.xcassets in Resources */ = {isa = PBXBuildFile; fileRef = 56424CB9296844E700EA6F19 /* Assets.xcassets */; };
		56424CBD296844E700EA6F19 /* LaunchScreen.storyboard in Resources */ = {isa = PBXBuildFile; fileRef = 56424CBB296844E700EA6F19 /* LaunchScreen.storyboard */; };
		56424CC7296902CB00EA6F19 /* PlaceAnnotationView.xib in Resources */ = {isa = PBXBuildFile; fileRef = 56424CC6296902CB00EA6F19 /* PlaceAnnotationView.xib */; };
		56424CC9296902E600EA6F19 /* PlaceAnnotationView.swift in Sources */ = {isa = PBXBuildFile; fileRef = 56424CC8296902E600EA6F19 /* PlaceAnnotationView.swift */; };
		56424CCB296ADED800EA6F19 /* TapAreaView.swift in Sources */ = {isa = PBXBuildFile; fileRef = 56424CCA296ADED800EA6F19 /* TapAreaView.swift */; };
		56424CCD296B9AB700EA6F19 /* GlobalGestureRecognizer.swift in Sources */ = {isa = PBXBuildFile; fileRef = 56424CCC296B9AB700EA6F19 /* GlobalGestureRecognizer.swift */; };
/* End PBXBuildFile section */

/* Begin PBXFileReference section */
		56424CAD296844E600EA6F19 /* MapEffectSample.app */ = {isa = PBXFileReference; explicitFileType = wrapper.application; includeInIndex = 0; path = MapEffectSample.app; sourceTree = BUILT_PRODUCTS_DIR; };
		56424CB0296844E600EA6F19 /* AppDelegate.swift */ = {isa = PBXFileReference; lastKnownFileType = sourcecode.swift; path = AppDelegate.swift; sourceTree = "<group>"; };
		56424CB2296844E600EA6F19 /* SceneDelegate.swift */ = {isa = PBXFileReference; lastKnownFileType = sourcecode.swift; path = SceneDelegate.swift; sourceTree = "<group>"; };
		56424CB4296844E600EA6F19 /* ViewController.swift */ = {isa = PBXFileReference; lastKnownFileType = sourcecode.swift; path = ViewController.swift; sourceTree = "<group>"; };
		56424CB7296844E600EA6F19 /* Base */ = {isa = PBXFileReference; lastKnownFileType = file.storyboard; name = Base; path = Base.lproj/Main.storyboard; sourceTree = "<group>"; };
		56424CB9296844E700EA6F19 /* Assets.xcassets */ = {isa = PBXFileReference; lastKnownFileType = folder.assetcatalog; path = Assets.xcassets; sourceTree = "<group>"; };
		56424CBC296844E700EA6F19 /* Base */ = {isa = PBXFileReference; lastKnownFileType = file.storyboard; name = Base; path = Base.lproj/LaunchScreen.storyboard; sourceTree = "<group>"; };
		56424CBE296844E700EA6F19 /* Info.plist */ = {isa = PBXFileReference; lastKnownFileType = text.plist.xml; path = Info.plist; sourceTree = "<group>"; };
		56424CC6296902CB00EA6F19 /* PlaceAnnotationView.xib */ = {isa = PBXFileReference; lastKnownFileType = file.xib; path = PlaceAnnotationView.xib; sourceTree = "<group>"; };
		56424CC8296902E600EA6F19 /* PlaceAnnotationView.swift */ = {isa = PBXFileReference; lastKnownFileType = sourcecode.swift; path = PlaceAnnotationView.swift; sourceTree = "<group>"; };
		56424CCA296ADED800EA6F19 /* TapAreaView.swift */ = {isa = PBXFileReference; lastKnownFileType = sourcecode.swift; path = TapAreaView.swift; sourceTree = "<group>"; };
		56424CCC296B9AB700EA6F19 /* GlobalGestureRecognizer.swift */ = {isa = PBXFileReference; lastKnownFileType = sourcecode.swift; path = GlobalGestureRecognizer.swift; sourceTree = "<group>"; };
/* End PBXFileReference section */

/* Begin PBXFrameworksBuildPhase section */
		56424CAA296844E600EA6F19 /* Frameworks */ = {
			isa = PBXFrameworksBuildPhase;
			buildActionMask = 2147483647;
			files = (
			);
			runOnlyForDeploymentPostprocessing = 0;
		};
/* End PBXFrameworksBuildPhase section */

/* Begin PBXGroup section */
		56424CA4296844E600EA6F19 = {
			isa = PBXGroup;
			children = (
				56424CAF296844E600EA6F19 /* MapEffectSample */,
				56424CAE296844E600EA6F19 /* Products */,
			);
			sourceTree = "<group>";
		};
		56424CAE296844E600EA6F19 /* Products */ = {
			isa = PBXGroup;
			children = (
				56424CAD296844E600EA6F19 /* MapEffectSample.app */,
			);
			name = Products;
			sourceTree = "<group>";
		};
		56424CAF296844E600EA6F19 /* MapEffectSample */ = {
			isa = PBXGroup;
			children = (
				56424CBE296844E700EA6F19 /* Info.plist */,
				56424CB0296844E600EA6F19 /* AppDelegate.swift */,
				56424CCC296B9AB700EA6F19 /* GlobalGestureRecognizer.swift */,
				56424CC8296902E600EA6F19 /* PlaceAnnotationView.swift */,
				56424CB2296844E600EA6F19 /* SceneDelegate.swift */,
				56424CCA296ADED800EA6F19 /* TapAreaView.swift */,
				56424CB4296844E600EA6F19 /* ViewController.swift */,
				56424CB9296844E700EA6F19 /* Assets.xcassets */,
				56424CC6296902CB00EA6F19 /* PlaceAnnotationView.xib */,
				56424CBB296844E700EA6F19 /* LaunchScreen.storyboard */,
				56424CB6296844E600EA6F19 /* Main.storyboard */,
			);
			path = MapEffectSample;
			sourceTree = "<group>";
		};
/* End PBXGroup section */

/* Begin PBXNativeTarget section */
		56424CAC296844E600EA6F19 /* MapEffectSample */ = {
			isa = PBXNativeTarget;
			buildConfigurationList = 56424CC1296844E700EA6F19 /* Build configuration list for PBXNativeTarget "MapEffectSample" */;
			buildPhases = (
				56424CA9296844E600EA6F19 /* Sources */,
				56424CAA296844E600EA6F19 /* Frameworks */,
				56424CAB296844E600EA6F19 /* Resources */,
			);
			buildRules = (
			);
			dependencies = (
			);
			name = MapEffectSample;
			productName = MapEffectSample;
			productReference = 56424CAD296844E600EA6F19 /* MapEffectSample.app */;
			productType = "com.apple.product-type.application";
		};
/* End PBXNativeTarget section */

/* Begin PBXProject section */
		56424CA5296844E600EA6F19 /* Project object */ = {
			isa = PBXProject;
			attributes = {
				BuildIndependentTargetsInParallel = 1;
				LastSwiftUpdateCheck = 1420;
				LastUpgradeCheck = 1500;
				TargetAttributes = {
					56424CAC296844E600EA6F19 = {
						CreatedOnToolsVersion = 14.2;
					};
				};
			};
			buildConfigurationList = 56424CA8296844E600EA6F19 /* Build configuration list for PBXProject "MapEffectSample" */;
			compatibilityVersion = "Xcode 14.0";
			developmentRegion = en;
			hasScannedForEncodings = 0;
			knownRegions = (
				en,
				Base,
			);
			mainGroup = 56424CA4296844E600EA6F19;
			productRefGroup = 56424CAE296844E600EA6F19 /* Products */;
			projectDirPath = "";
			projectRoot = "";
			targets = (
				56424CAC296844E600EA6F19 /* MapEffectSample */,
			);
		};
/* End PBXProject section */

/* Begin PBXResourcesBuildPhase section */
		56424CAB296844E600EA6F19 /* Resources */ = {
			isa = PBXResourcesBuildPhase;
			buildActionMask = 2147483647;
			files = (
				56424CBD296844E700EA6F19 /* LaunchScreen.storyboard in Resources */,
				56424CBA296844E700EA6F19 /* Assets.xcassets in Resources */,
				56424CB8296844E600EA6F19 /* Main.storyboard in Resources */,
				56424CC7296902CB00EA6F19 /* PlaceAnnotationView.xib in Resources */,
			);
			runOnlyForDeploymentPostprocessing = 0;
		};
/* End PBXResourcesBuildPhase section */

/* Begin PBXSourcesBuildPhase section */
		56424CA9296844E600EA6F19 /* Sources */ = {
			isa = PBXSourcesBuildPhase;
			buildActionMask = 2147483647;
			files = (
				56424CB5296844E600EA6F19 /* ViewController.swift in Sources */,
				56424CCB296ADED800EA6F19 /* TapAreaView.swift in Sources */,
				56424CB1296844E600EA6F19 /* AppDelegate.swift in Sources */,
				56424CB3296844E600EA6F19 /* SceneDelegate.swift in Sources */,
				56424CCD296B9AB700EA6F19 /* GlobalGestureRecognizer.swift in Sources */,
				56424CC9296902E600EA6F19 /* PlaceAnnotationView.swift in Sources */,
			);
			runOnlyForDeploymentPostprocessing = 0;
		};
/* End PBXSourcesBuildPhase section */

/* Begin PBXVariantGroup section */
		56424CB6296844E600EA6F19 /* Main.storyboard */ = {
			isa = PBXVariantGroup;
			children = (
				56424CB7296844E600EA6F19 /* Base */,
			);
			name = Main.storyboard;
			sourceTree = "<group>";
		};
		56424CBB296844E700EA6F19 /* LaunchScreen.storyboard */ = {
			isa = PBXVariantGroup;
			children = (
				56424CBC296844E700EA6F19 /* Base */,
			);
			name = LaunchScreen.storyboard;
			sourceTree = "<group>";
		};
/* End PBXVariantGroup section */

/* Begin XCBuildConfiguration section */
		56424CBF296844E700EA6F19 /* Debug */ = {
			isa = XCBuildConfiguration;
			buildSettings = {
				ALWAYS_SEARCH_USER_PATHS = NO;
				CLANG_ANALYZER_NONNULL = YES;
				CLANG_ANALYZER_NUMBER_OBJECT_CONVERSION = YES_AGGRESSIVE;
				CLANG_CXX_LANGUAGE_STANDARD = "gnu++20";
				CLANG_ENABLE_MODULES = YES;
				CLANG_ENABLE_OBJC_ARC = YES;
				CLANG_ENABLE_OBJC_WEAK = YES;
				CLANG_WARN_BLOCK_CAPTURE_AUTORELEASING = YES;
				CLANG_WARN_BOOL_CONVERSION = YES;
				CLANG_WARN_COMMA = YES;
				CLANG_WARN_CONSTANT_CONVERSION = YES;
				CLANG_WARN_DEPRECATED_OBJC_IMPLEMENTATIONS = YES;
				CLANG_WARN_DIRECT_OBJC_ISA_USAGE = YES_ERROR;
				CLANG_WARN_DOCUMENTATION_COMMENTS = YES;
				CLANG_WARN_EMPTY_BODY = YES;
				CLANG_WARN_ENUM_CONVERSION = YES;
				CLANG_WARN_INFINITE_RECURSION = YES;
				CLANG_WARN_INT_CONVERSION = YES;
				CLANG_WARN_NON_LITERAL_NULL_CONVERSION = YES;
				CLANG_WARN_OBJC_IMPLICIT_RETAIN_SELF = YES;
				CLANG_WARN_OBJC_LITERAL_CONVERSION = YES;
				CLANG_WARN_OBJC_ROOT_CLASS = YES_ERROR;
				CLANG_WARN_QUOTED_INCLUDE_IN_FRAMEWORK_HEADER = YES;
				CLANG_WARN_RANGE_LOOP_ANALYSIS = YES;
				CLANG_WARN_STRICT_PROTOTYPES = YES;
				CLANG_WARN_SUSPICIOUS_MOVE = YES;
				CLANG_WARN_UNGUARDED_AVAILABILITY = YES_AGGRESSIVE;
				CLANG_WARN_UNREACHABLE_CODE = YES;
				CLANG_WARN__DUPLICATE_METHOD_MATCH = YES;
				COPY_PHASE_STRIP = NO;
				DEBUG_INFORMATION_FORMAT = dwarf;
				ENABLE_STRICT_OBJC_MSGSEND = YES;
				ENABLE_TESTABILITY = YES;
				ENABLE_USER_SCRIPT_SANDBOXING = YES;
				GCC_C_LANGUAGE_STANDARD = gnu11;
				GCC_DYNAMIC_NO_PIC = NO;
				GCC_NO_COMMON_BLOCKS = YES;
				GCC_OPTIMIZATION_LEVEL = 0;
				GCC_PREPROCESSOR_DEFINITIONS = (
					"DEBUG=1",
					"$(inherited)",
				);
				GCC_WARN_64_TO_32_BIT_CONVERSION = YES;
				GCC_WARN_ABOUT_RETURN_TYPE = YES_ERROR;
				GCC_WARN_UNDECLARED_SELECTOR = YES;
				GCC_WARN_UNINITIALIZED_AUTOS = YES_AGGRESSIVE;
				GCC_WARN_UNUSED_FUNCTION = YES;
				GCC_WARN_UNUSED_VARIABLE = YES;
				IPHONEOS_DEPLOYMENT_TARGET = 17.0;
				MTL_ENABLE_DEBUG_INFO = INCLUDE_SOURCE;
				MTL_FAST_MATH = YES;
				ONLY_ACTIVE_ARCH = YES;
				SDKROOT = iphoneos;
				SWIFT_ACTIVE_COMPILATION_CONDITIONS = DEBUG;
				SWIFT_OPTIMIZATION_LEVEL = "-Onone";
			};
			name = Debug;
		};
		56424CC0296844E700EA6F19 /* Release */ = {
			isa = XCBuildConfiguration;
			buildSettings = {
				ALWAYS_SEARCH_USER_PATHS = NO;
				CLANG_ANALYZER_NONNULL = YES;
				CLANG_ANALYZER_NUMBER_OBJECT_CONVERSION = YES_AGGRESSIVE;
				CLANG_CXX_LANGUAGE_STANDARD = "gnu++20";
				CLANG_ENABLE_MODULES = YES;
				CLANG_ENABLE_OBJC_ARC = YES;
				CLANG_ENABLE_OBJC_WEAK = YES;
				CLANG_WARN_BLOCK_CAPTURE_AUTORELEASING = YES;
				CLANG_WARN_BOOL_CONVERSION = YES;
				CLANG_WARN_COMMA = YES;
				CLANG_WARN_CONSTANT_CONVERSION = YES;
				CLANG_WARN_DEPRECATED_OBJC_IMPLEMENTATIONS = YES;
				CLANG_WARN_DIRECT_OBJC_ISA_USAGE = YES_ERROR;
				CLANG_WARN_DOCUMENTATION_COMMENTS = YES;
				CLANG_WARN_EMPTY_BODY = YES;
				CLANG_WARN_ENUM_CONVERSION = YES;
				CLANG_WARN_INFINITE_RECURSION = YES;
				CLANG_WARN_INT_CONVERSION = YES;
				CLANG_WARN_NON_LITERAL_NULL_CONVERSION = YES;
				CLANG_WARN_OBJC_IMPLICIT_RETAIN_SELF = YES;
				CLANG_WARN_OBJC_LITERAL_CONVERSION = YES;
				CLANG_WARN_OBJC_ROOT_CLASS = YES_ERROR;
				CLANG_WARN_QUOTED_INCLUDE_IN_FRAMEWORK_HEADER = YES;
				CLANG_WARN_RANGE_LOOP_ANALYSIS = YES;
				CLANG_WARN_STRICT_PROTOTYPES = YES;
				CLANG_WARN_SUSPICIOUS_MOVE = YES;
				CLANG_WARN_UNGUARDED_AVAILABILITY = YES_AGGRESSIVE;
				CLANG_WARN_UNREACHABLE_CODE = YES;
				CLANG_WARN__DUPLICATE_METHOD_MATCH = YES;
				COPY_PHASE_STRIP = NO;
				DEBUG_INFORMATION_FORMAT = "dwarf-with-dsym";
				ENABLE_NS_ASSERTIONS = NO;
				ENABLE_STRICT_OBJC_MSGSEND = YES;
				ENABLE_USER_SCRIPT_SANDBOXING = YES;
				GCC_C_LANGUAGE_STANDARD = gnu11;
				GCC_NO_COMMON_BLOCKS = YES;
				GCC_WARN_64_TO_32_BIT_CONVERSION = YES;
				GCC_WARN_ABOUT_RETURN_TYPE = YES_ERROR;
				GCC_WARN_UNDECLARED_SELECTOR = YES;
				GCC_WARN_UNINITIALIZED_AUTOS = YES_AGGRESSIVE;
				GCC_WARN_UNUSED_FUNCTION = YES;
				GCC_WARN_UNUSED_VARIABLE = YES;
				IPHONEOS_DEPLOYMENT_TARGET = 17.0;
				MTL_ENABLE_DEBUG_INFO = NO;
				MTL_FAST_MATH = YES;
				SDKROOT = iphoneos;
				SWIFT_COMPILATION_MODE = wholemodule;
				SWIFT_OPTIMIZATION_LEVEL = "-O";
				VALIDATE_PRODUCT = YES;
			};
			name = Release;
		};
		56424CC2296844E700EA6F19 /* Debug */ = {
			isa = XCBuildConfiguration;
			buildSettings = {
				ASSETCATALOG_COMPILER_APPICON_NAME = AppIcon;
				ASSETCATALOG_COMPILER_GLOBAL_ACCENT_COLOR_NAME = AccentColor;
				CODE_SIGN_STYLE = Automatic;
				CURRENT_PROJECT_VERSION = 1;
				DEVELOPMENT_TEAM = 358F964YVR;
				GENERATE_INFOPLIST_FILE = YES;
				INFOPLIST_FILE = MapEffectSample/Info.plist;
				INFOPLIST_KEY_NSLocationAlwaysUsageDescription = "常に位置情報を取得します";
				INFOPLIST_KEY_NSLocationWhenInUseUsageDescription = "アプリ使用時に位置情報を取得します";
				INFOPLIST_KEY_UIApplicationSupportsIndirectInputEvents = YES;
				INFOPLIST_KEY_UILaunchStoryboardName = LaunchScreen;
				INFOPLIST_KEY_UIMainStoryboardFile = Main;
				INFOPLIST_KEY_UISupportedInterfaceOrientations_iPad = "UIInterfaceOrientationPortrait UIInterfaceOrientationPortraitUpsideDown UIInterfaceOrientationLandscapeLeft UIInterfaceOrientationLandscapeRight";
				INFOPLIST_KEY_UISupportedInterfaceOrientations_iPhone = "UIInterfaceOrientationPortrait UIInterfaceOrientationLandscapeLeft UIInterfaceOrientationLandscapeRight";
				IPHONEOS_DEPLOYMENT_TARGET = 17.0;
				LD_RUNPATH_SEARCH_PATHS = (
					"$(inherited)",
					"@executable_path/Frameworks",
				);
				MARKETING_VERSION = 1.0;
				PRODUCT_BUNDLE_IDENTIFIER = jp.yuppe.MapEffectSample;
				PRODUCT_NAME = "$(TARGET_NAME)";
				SWIFT_EMIT_LOC_STRINGS = YES;
				SWIFT_VERSION = 5.0;
				TARGETED_DEVICE_FAMILY = "1,2";
			};
			name = Debug;
		};
		56424CC3296844E700EA6F19 /* Release */ = {
			isa = XCBuildConfiguration;
			buildSettings = {
				ASSETCATALOG_COMPILER_APPICON_NAME = AppIcon;
				ASSETCATALOG_COMPILER_GLOBAL_ACCENT_COLOR_NAME = AccentColor;
				CODE_SIGN_STYLE = Automatic;
				CURRENT_PROJECT_VERSION = 1;
				DEVELOPMENT_TEAM = 358F964YVR;
				GENERATE_INFOPLIST_FILE = YES;
				INFOPLIST_FILE = MapEffectSample/Info.plist;
				INFOPLIST_KEY_NSLocationAlwaysUsageDescription = "常に位置情報を取得します";
				INFOPLIST_KEY_NSLocationWhenInUseUsageDescription = "アプリ使用時に位置情報を取得します";
				INFOPLIST_KEY_UIApplicationSupportsIndirectInputEvents = YES;
				INFOPLIST_KEY_UILaunchStoryboardName = LaunchScreen;
				INFOPLIST_KEY_UIMainStoryboardFile = Main;
				INFOPLIST_KEY_UISupportedInterfaceOrientations_iPad = "UIInterfaceOrientationPortrait UIInterfaceOrientationPortraitUpsideDown UIInterfaceOrientationLandscapeLeft UIInterfaceOrientationLandscapeRight";
				INFOPLIST_KEY_UISupportedInterfaceOrientations_iPhone = "UIInterfaceOrientationPortrait UIInterfaceOrientationLandscapeLeft UIInterfaceOrientationLandscapeRight";
				IPHONEOS_DEPLOYMENT_TARGET = 17.0;
				LD_RUNPATH_SEARCH_PATHS = (
					"$(inherited)",
					"@executable_path/Frameworks",
				);
				MARKETING_VERSION = 1.0;
				PRODUCT_BUNDLE_IDENTIFIER = jp.yuppe.MapEffectSample;
				PRODUCT_NAME = "$(TARGET_NAME)";
				SWIFT_EMIT_LOC_STRINGS = YES;
				SWIFT_VERSION = 5.0;
				TARGETED_DEVICE_FAMILY = "1,2";
			};
			name = Release;
		};
/* End XCBuildConfiguration section */

/* Begin XCConfigurationList section */
		56424CA8296844E600EA6F19 /* Build configuration list for PBXProject "MapEffectSample" */ = {
			isa = XCConfigurationList;
			buildConfigurations = (
				56424CBF296844E700EA6F19 /* Debug */,
				56424CC0296844E700EA6F19 /* Release */,
			);
			defaultConfigurationIsVisible = 0;
			defaultConfigurationName = Release;
		};
		56424CC1296844E700EA6F19 /* Build configuration list for PBXNativeTarget "MapEffectSample" */ = {
			isa = XCConfigurationList;
			buildConfigurations = (
				56424CC2296844E700EA6F19 /* Debug */,
				56424CC3296844E700EA6F19 /* Release */,
			);
			defaultConfigurationIsVisible = 0;
			defaultConfigurationName = Release;
		};
/* End XCConfigurationList section */
	};
	rootObject = 56424CA5296844E600EA6F19 /* Project object */;
}
